lockfileVersion: '9.0'

settings:
  autoInstallPeers: true
  excludeLinksFromLockfile: false

importers:

  .:
    dependencies:
      '@radix-ui/react-avatar':
        specifier: ^1.1.0
        version: 1.2.1(react-dom@19.2.7(react@19.2.7))(react@19.2.7)

packages:

  '@radix-ui/react-avatar@1.2.1':
    resolution: {integrity: sha512-+8PWoLLZv3AVb5m0pvoiOca/bQGzc9vPVb+982HB2x3Un0DpYEPM3zLMl4oqRpBsocJuNqLkiv/HXTnTrlwr4g==}
    peerDependencies:
      '@types/react': '*'
      '@types/react-dom': '*'
      react: ^16.8 || ^17.0 || ^18.0 || ^19.0 || ^19.0.0-rc
      react-dom: ^16.8 || ^17.0 || ^18.0 || ^19.0 || ^19.0.0-rc
    peerDependenciesMeta:
      '@types/react':
        optional: true
      '@types/react-dom':
        optional: true

  '@radix-ui/react-compose-refs@1.1.3':
    resolution: {integrity: sha512-rYOP8OMnuuPMQF1uhPVlGNcCDlkokKqGFE3JcxFViIkAXP7EvFWUliJAstrapypaBLJNHbZL6jGhbVDGTwmVhA==}
    peerDependencies:
      '@types/react': '*'
      react: ^16.8 || ^17.0 || ^18.0 || ^19.0 || ^19.0.0-rc
    peerDependenciesMeta:
      '@types/react':
        optional: true

  '@radix-ui/react-context@1.1.4':
    resolution: {integrity: sha512-QwH4PO5urrbO+FaGd5Aglg+YJgWTyyuZ3g/6mKvsqraLkglDdckw9JafgL5McL5VEJ6EPNduPaT3ZE9BttDAqg==}
    peerDependencies:
      '@types/react': '*'
      react: ^16.8 || ^17.0 || ^18.0 || ^19.0 || ^19.0.0-rc
    peerDependenciesMeta:
      '@types/react':
        optional: true

  '@radix-ui/react-primitive@2.1.7':
    resolution: {integrity: sha512-bC3NiwsprbxKjuon9l7X6BUTw7FPVzEYaL92MPEY5SCd/9hUTPXVFtVwRix7778wtRsVao+zE062gL79FZleeQ==}
    peerDependencies:
      '@types/react': '*'
      '@types/react-dom': '*'
      react: ^16.8 || ^17.0 || ^18.0 || ^19.0 || ^19.0.0-rc
      react-dom: ^16.8 || ^17.0 || ^18.0 || ^19.0 || ^19.0.0-rc
    peerDependenciesMeta:
      '@types/react':
        optional: true
      '@types/react-dom':
        optional: true

  '@radix-ui/react-slot@1.3.0':
    resolution: {integrity: sha512-MojKku4U/miO8Av4Dkb+ctMAQx7JmY96LmtDQlAarCRtd7rN52QCSzBF+XAvr5S6coSVj9HEPBgHAHKEJVk/WA==}
    peerDependencies:
      '@types/react': '*'
      react: ^16.8 || ^17.0 || ^18.0 || ^19.0 || ^19.0.0-rc
    peerDependenciesMeta:
      '@types/react':
        optional: true

  '@radix-ui/react-use-callback-ref@1.1.2':
    resolution: {integrity: sha512-xCso9j1/u8sEgP1RNHjFrXJLApL8LiqOkI1R4ywuN00rxWdYg4oQXuwKLS3i0j5NWLromUD27/4nlxj2UFVvIw==}
    peerDependencies:
      '@types/react': '*'
      react: ^16.8 || ^17.0 || ^18.0 || ^19.0 || ^19.0.0-rc
    peerDependenciesMeta:
      '@types/react':
        optional: true

  '@radix-ui/react-use-is-hydrated@0.1.1':
    resolution: {integrity: sha512-qwOiz4Tjo8CNnrOLAYUMXeZwDzXgXpvK4TKQPmWLECM9XoWvA6+0Z2/7Ag3A4ivjS4ovbLJPbskkxioFyBhr8A==}
    peerDependencies:
      '@types/react': '*'
      react: ^16.8 || ^17.0 || ^18.0 || ^19.0 || ^19.0.0-rc
    peerDependenciesMeta:
      '@types/react':
        optional: true

  '@radix-ui/react-use-layout-effect@1.1.2':
    resolution: {integrity: sha512-jrBWOxZITuGcnjRCM2t2U5ZPkCLxD+Ym6DjfssS5haTj2iiak/DOb64JeN6OdLfLgptb6/e2kKR+ZuTrGoZTPA==}
    peerDependencies:
      '@types/react': '*'
      react: ^16.8 || ^17.0 || ^18.0 || ^19.0 || ^19.0.0-rc
    peerDependenciesMeta:
      '@types/react':
        optional: true

  react-dom@19.2.7:
    resolution: {integrity: sha512-t0BRVXvbiE/o20Hfw669rLbMCDWtYZLvmJigy2f0MxsXF+71pxhR3xOkspmsO8h3ZlNzyibAmtCa3l4lYKk6gQ==}
    peerDependencies:
      react: ^19.2.7

  react@19.2.7:
    resolution: {integrity: sha512-HNe9WslTbXmFK8o8cmwgAeJFSBvt1bPdHCVKtaaV+WlAN36mpT4hcRpwbf3fY56ar2oIXzsBpOAiIRHAdY0OlQ==}
    engines: {node: '>=0.10.0'}

  scheduler@0.27.0:
    resolution: {integrity: sha512-eNv+WrVbKu1f3vbYJT/xtiF5syA5HPIMtf9IgY/nKg0sWqzAUEvqY/xm7OcZc/qafLx/iO9FgOmeSAp4v5ti/Q==}

snapshots:

  '@radix-ui/react-avatar@1.2.1(react-dom@19.2.7(react@19.2.7))(react@19.2.7)':
    dependencies:
      '@radix-ui/react-context': 1.1.4(react@19.2.7)
      '@radix-ui/react-primitive': 2.1.7(react-dom@19.2.7(react@19.2.7))(react@19.2.7)
      '@radix-ui/react-use-callback-ref': 1.1.2(react@19.2.7)
      '@radix-ui/react-use-is-hydrated': 0.1.1(react@19.2.7)
      '@radix-ui/react-use-layout-effect': 1.1.2(react@19.2.7)
      react: 19.2.7
      react-dom: 19.2.7(react@19.2.7)

  '@radix-ui/react-compose-refs@1.1.3(react@19.2.7)':
    dependencies:
      react: 19.2.7

  '@radix-ui/react-context@1.1.4(react@19.2.7)':
    dependencies:
      react: 19.2.7

  '@radix-ui/react-primitive@2.1.7(react-dom@19.2.7(react@19.2.7))(react@19.2.7)':
    dependencies:
      '@radix-ui/react-slot': 1.3.0(react@19.2.7)
      react: 19.2.7
      react-dom: 19.2.7(react@19.2.7)

  '@radix-ui/react-slot@1.3.0(react@19.2.7)':
    dependencies:
      '@radix-ui/react-compose-refs': 1.1.3(react@19.2.7)
      react: 19.2.7

  '@radix-ui/react-use-callback-ref@1.1.2(react@19.2.7)':
    dependencies:
      react: 19.2.7

  '@radix-ui/react-use-is-hydrated@0.1.1(react@19.2.7)':
    dependencies:
      react: 19.2.7

  '@radix-ui/react-use-layout-effect@1.1.2(react@19.2.7)':
    dependencies:
      react: 19.2.7

  react-dom@19.2.7(react@19.2.7):
    dependencies:
      react: 19.2.7
      scheduler: 0.27.0

  react@19.2.7: {}

  scheduler@0.27.0: {}
